
Microsoft Visual Studio Solution File, Format Version 12.00
# Visual Studio Version 17
VisualStudioVersion = 17.1.32210.238
MinimumVisualStudioVersion = 10.0.40219.1
Project("{9A19103F-16F7-4668-BE54-9A1E7A4F7556}") = "MarblesKK", "MarblesKK.csproj", "{8F0B4E7E-4E05-453C-89BE-86CE8BC61F95}"
EndProject
Project("{9A19103F-16F7-4668-BE54-9A1E7A4F7556}") = "Data", "..\Data\Data.csproj", "{2501C343-3AE9-49CE-8835-84F5E4114BDB}"
EndProject
Project("{9A19103F-16F7-4668-BE54-9A1E7A4F7556}") = "MarblesKKViewModel", "..\MarblesKK_ViewModel\MarblesKKViewModel.csproj", "{D3F47E5B-B9C5-4332-813A-E3D7D6380286}"
EndProject
Project("{FAE04EC0-301F-11D3-BF4B-00C04F79EFBC}") = "LogicMarbles", "..\LogicMarbles\LogicMarbles.csproj", "{6741C594-4F69-4AEC-825C-EA4383810C47}"
EndProject
Project("{FAE04EC0-301F-11D3-BF4B-00C04F79EFBC}") = "Tests", "..\TestLogic\Tests.csproj", "{9A0D0246-E1D1-4A1F-9DC2-07B21712228C}"
EndProject
Project("{FAE04EC0-301F-11D3-BF4B-00C04F79EFBC}") = "MarblesKKModel", "..\MarblesKKModel\MarblesKKModel.csproj", "{B3BA8A28-3DA4-4C1D-8442-4E38E8D7DEC2}"
EndProject
Global
	GlobalSection(SolutionConfigurationPlatforms) = preSolution
		Debug|Any CPU = Debug|Any CPU
		Release|Any CPU = Release|Any CPU
	EndGlobalSection
	GlobalSection(ProjectConfigurationPlatforms) = postSolution
		{8F0B4E7E-4E05-453C-89BE-86CE8BC61F95}.Debug|Any CPU.ActiveCfg = Debug|Any CPU
		{8F0B4E7E-4E05-453C-89BE-86CE8BC61F95}.Debug|Any CPU.Build.0 = Debug|Any CPU
		{8F0B4E7E-4E05-453C-89BE-86CE8BC61F95}.Release|Any CPU.ActiveCfg = Release|Any CPU
		{8F0B4E7E-4E05-453C-89BE-86CE8BC61F95}.Release|Any CPU.Build.0 = Release|Any CPU
		{2501C343-3AE9-49CE-8835-84F5E4114BDB}.Debug|Any CPU.ActiveCfg = Debug|Any CPU
		{2501C343-3AE9-49CE-8835-84F5E4114BDB}.Debug|Any CPU.Build.0 = Debug|Any CPU
		{2501C343-3AE9-49CE-8835-84F5E4114BDB}.Release|Any CPU.ActiveCfg = Release|Any CPU
		{2501C343-3AE9-49CE-8835-84F5E4114BDB}.Release|Any CPU.Build.0 = Release|Any CPU
		{D3F47E5B-B9C5-4332-813A-E3D7D6380286}.Debug|Any CPU.ActiveCfg = Debug|Any CPU
		{D3F47E5B-B9C5-4332-813A-E3D7D6380286}.Debug|Any CPU.Build.0 = Debug|Any CPU
		{D3F47E5B-B9C5-4332-813A-E3D7D6380286}.Release|Any CPU.ActiveCfg = Release|Any CPU
		{D3F47E5B-B9C5-4332-813A-E3D7D6380286}.Release|Any CPU.Build.0 = Release|Any CPU
		{6741C594-4F69-4AEC-825C-EA4383810C47}.Debug|Any CPU.ActiveCfg = Debug|Any CPU
		{6741C594-4F69-4AEC-825C-EA4383810C47}.Debug|Any CPU.Build.0 = Debug|Any CPU
		{6741C594-4F69-4AEC-825C-EA4383810C47}.Release|Any CPU.ActiveCfg = Release|Any CPU
		{6741C594-4F69-4AEC-825C-EA4383810C47}.Release|Any CPU.Build.0 = Release|Any CPU
		{9A0D0246-E1D1-4A1F-9DC2-07B21712228C}.Debug|Any CPU.ActiveCfg = Debug|Any CPU
		{9A0D0246-E1D1-4A1F-9DC2-07B21712228C}.Debug|Any CPU.Build.0 = Debug|Any CPU
		{9A0D0246-E1D1-4A1F-9DC2-07B21712228C}.Release|Any CPU.ActiveCfg = Release|Any CPU
		{9A0D0246-E1D1-4A1F-9DC2-07B21712228C}.Release|Any CPU.Build.0 = Release|Any CPU
		{B3BA8A28-3DA4-4C1D-8442-4E38E8D7DEC2}.Debug|Any CPU.ActiveCfg = Debug|Any CPU
		{B3BA8A28-3DA4-4C1D-8442-4E38E8D7DEC2}.Debug|Any CPU.Build.0 = Debug|Any CPU
		{B3BA8A28-3DA4-4C1D-8442-4E38E8D7DEC2}.Release|Any CPU.ActiveCfg = Release|Any CPU
		{B3BA8A28-3DA4-4C1D-8442-4E38E8D7DEC2}.Release|Any CPU.Build.0 = Release|Any CPU
	EndGlobalSection
	GlobalSection(SolutionProperties) = preSolution
		HideSolutionNode = FALSE
	EndGlobalSection
	GlobalSection(ExtensibilityGlobals) = postSolution
		SolutionGuid = {9EB813BF-2F71-4B26-A888-26833CFFA49A}
	EndGlobalSection
EndGlobal
